
Microsoft Visual Studio Solution File, Format Version 12.00
# Visual Studio Version 17
VisualStudioVersion = 17.14.36623.8
MinimumVisualStudioVersion = 10.0.40219.1
Project("{8BC9CEB8-8B4A-11D0-8D11-00A0C91BC942}") = "01_HelloOpenGL", "01_HelloOpenGL\01_HelloOpenGL.vcxproj", "{56B43BD0-0F78-4217-8100-9B2CC941E56F}"
EndProject
Project("{8BC9CEB8-8B4A-11D0-8D11-00A0C91BC942}") = "02_HelloTriangle", "02_HelloTriangle\02_HelloTriangle.vcxproj", "{8A50114C-402A-4772-87AC-17E67171EE85}"
EndProject
Project("{8BC9CEB8-8B4A-11D0-8D11-00A0C91BC942}") = "03_Shaders", "03_Shaders\03_Shaders.vcxproj", "{DD1ADE35-5592-4652-8ACA-3FCE169647B6}"
EndProject
Project("{8BC9CEB8-8B4A-11D0-8D11-00A0C91BC942}") = "04_Textures", "04_Texture\04_Texture.vcxproj", "{CDF320FA-EB8D-4A8A-BAAA-59EA54ED1CCE}"
EndProject
Project("{8BC9CEB8-8B4A-11D0-8D11-00A0C91BC942}") = "05_Transformations", "05_Transformation\05_Transformation.vcxproj", "{8D064BE1-029B-4CFA-83FA-AE3580DE7547}"
EndProject
Project("{8BC9CEB8-8B4A-11D0-8D11-00A0C91BC942}") = "06_CoordinateSystems", "06_CoordinateSystems\06_CoordinateSystems.vcxproj", "{4F47FCDD-76B4-4C73-ACC6-7A10C6E02ACA}"
EndProject
Project("{8BC9CEB8-8B4A-11D0-8D11-00A0C91BC942}") = "07_Camera", "07_Camera\07_Camera.vcxproj", "{71BBBEAD-6B29-406D-ADF3-7098BAEC852E}"
EndProject
Project("{8BC9CEB8-8B4A-11D0-8D11-00A0C91BC942}") = "11_Colors", "11_Colors\11_Colors.vcxproj", "{59A615C2-2D17-4C14-A4D9-7B040AEA2F15}"
EndProject
Project("{8BC9CEB8-8B4A-11D0-8D11-00A0C91BC942}") = "12_BasicLighting", "12_BasicLighting\12_BasicLighting.vcxproj", "{A6146556-B138-47A6-B0F0-565DE6C84965}"
EndProject
Project("{8BC9CEB8-8B4A-11D0-8D11-00A0C91BC942}") = "13_Materials", "13_Materials\13_Materials.vcxproj", "{93D2353C-D58A-4E81-A3E4-5355BEB04A63}"
EndProject
Project("{8BC9CEB8-8B4A-11D0-8D11-00A0C91BC942}") = "14_LightingMaps", "14_LightingMaps\14_LightingMaps.vcxproj", "{D0312E17-1800-4559-9540-C53118BF9939}"
EndProject
Project("{2150E333-8FDC-42A3-9474-1A3956D46DE8}") = "0. Getting Started", "0. Getting Started", "{C8D5274F-AC00-46C7-1F8D-E88E81087A52}"
EndProject
Project("{2150E333-8FDC-42A3-9474-1A3956D46DE8}") = "1. Lighting", "1. Lighting", "{DA32D9CF-F685-47E2-A3AD-934BFCBBFCE4}"
EndProject
Project("{8BC9CEB8-8B4A-11D0-8D11-00A0C91BC942}") = "15_LightCasters", "15_LightCasters\15_LightCasters.vcxproj", "{82F44587-07AB-429B-8CF4-71AF0BF0C61B}"
EndProject
Project("{2150E333-8FDC-42A3-9474-1A3956D46DE8}") = "2. Model Loading", "2. Model Loading", "{59FD3032-9672-4961-92B9-8CCE182F86E2}"
EndProject
Project("{8BC9CEB8-8B4A-11D0-8D11-00A0C91BC942}") = "2_Model", "20_Model\20_Model.vcxproj", "{FB45822D-4B74-49DE-8FFC-3314BF99D03C}"
EndProject
Project("{8BC9CEB8-8B4A-11D0-8D11-00A0C91BC942}") = "31_DepthTesting", "31_DepthTesting\31_DepthTesting.vcxproj", "{C8D11C5C-83DC-41FA-A9E3-EBF790D33F7C}"
EndProject
Project("{2150E333-8FDC-42A3-9474-1A3956D46DE8}") = "3. Advanced OpenGL", "3. Advanced OpenGL", "{9A962DBE-825F-4E86-B84D-0D7A76A2372D}"
EndProject
Project("{8BC9CEB8-8B4A-11D0-8D11-00A0C91BC942}") = "00_Test", "00_Test\00_Test.vcxproj", "{8F4FF397-A180-4F6E-831D-DEF75C3030DF}"
EndProject
Global
	GlobalSection(SolutionConfigurationPlatforms) = preSolution
		Debug|x64 = Debug|x64
		Debug|x86 = Debug|x86
		Release|x64 = Release|x64
		Release|x86 = Release|x86
	EndGlobalSection
	GlobalSection(ProjectConfigurationPlatforms) = postSolution
		{56B43BD0-0F78-4217-8100-9B2CC941E56F}.Debug|x64.ActiveCfg = Debug|x64
		{56B43BD0-0F78-4217-8100-9B2CC941E56F}.Debug|x64.Build.0 = Debug|x64
		{56B43BD0-0F78-4217-8100-9B2CC941E56F}.Debug|x86.ActiveCfg = Debug|Win32
		{56B43BD0-0F78-4217-8100-9B2CC941E56F}.Debug|x86.Build.0 = Debug|Win32
		{56B43BD0-0F78-4217-8100-9B2CC941E56F}.Release|x64.ActiveCfg = Release|x64
		{56B43BD0-0F78-4217-8100-9B2CC941E56F}.Release|x64.Build.0 = Release|x64
		{56B43BD0-0F78-4217-8100-9B2CC941E56F}.Release|x86.ActiveCfg = Release|Win32
		{56B43BD0-0F78-4217-8100-9B2CC941E56F}.Release|x86.Build.0 = Release|Win32
		{8A50114C-402A-4772-87AC-17E67171EE85}.Debug|x64.ActiveCfg = Debug|x64
		{8A50114C-402A-4772-87AC-17E67171EE85}.Debug|x64.Build.0 = Debug|x64
		{8A50114C-402A-4772-87AC-17E67171EE85}.Debug|x86.ActiveCfg = Debug|Win32
		{8A50114C-402A-4772-87AC-17E67171EE85}.Debug|x86.Build.0 = Debug|Win32
		{8A50114C-402A-4772-87AC-17E67171EE85}.Release|x64.ActiveCfg = Release|x64
		{8A50114C-402A-4772-87AC-17E67171EE85}.Release|x64.Build.0 = Release|x64
		{8A50114C-402A-4772-87AC-17E67171EE85}.Release|x86.ActiveCfg = Release|Win32
		{8A50114C-402A-4772-87AC-17E67171EE85}.Release|x86.Build.0 = Release|Win32
		{DD1ADE35-5592-4652-8ACA-3FCE169647B6}.Debug|x64.ActiveCfg = Debug|x64
		{DD1ADE35-5592-4652-8ACA-3FCE169647B6}.Debug|x64.Build.0 = Debug|x64
		{DD1ADE35-5592-4652-8ACA-3FCE169647B6}.Debug|x86.ActiveCfg = Debug|Win32
		{DD1ADE35-5592-4652-8ACA-3FCE169647B6}.Debug|x86.Build.0 = Debug|Win32
		{DD1ADE35-5592-4652-8ACA-3FCE169647B6}.Release|x64.ActiveCfg = Release|x64
		{DD1ADE35-5592-4652-8ACA-3FCE169647B6}.Release|x64.Build.0 = Release|x64
		{DD1ADE35-5592-4652-8ACA-3FCE169647B6}.Release|x86.ActiveCfg = Release|Win32
		{DD1ADE35-5592-4652-8ACA-3FCE169647B6}.Release|x86.Build.0 = Release|Win32
		{CDF320FA-EB8D-4A8A-BAAA-59EA54ED1CCE}.Debug|x64.ActiveCfg = Debug|x64
		{CDF320FA-EB8D-4A8A-BAAA-59EA54ED1CCE}.Debug|x64.Build.0 = Debug|x64
		{CDF320FA-EB8D-4A8A-BAAA-59EA54ED1CCE}.Debug|x86.ActiveCfg = Debug|Win32
		{CDF320FA-EB8D-4A8A-BAAA-59EA54ED1CCE}.Debug|x86.Build.0 = Debug|Win32
		{CDF320FA-EB8D-4A8A-BAAA-59EA54ED1CCE}.Release|x64.ActiveCfg = Release|x64
		{CDF320FA-EB8D-4A8A-BAAA-59EA54ED1CCE}.Release|x64.Build.0 = Release|x64
		{CDF320FA-EB8D-4A8A-BAAA-59EA54ED1CCE}.Release|x86.ActiveCfg = Release|Win32
		{CDF320FA-EB8D-4A8A-BAAA-59EA54ED1CCE}.Release|x86.Build.0 = Release|Win32
		{8D064BE1-029B-4CFA-83FA-AE3580DE7547}.Debug|x64.ActiveCfg = Debug|x64
		{8D064BE1-029B-4CFA-83FA-AE3580DE7547}.Debug|x64.Build.0 = Debug|x64
		{8D064BE1-029B-4CFA-83FA-AE3580DE7547}.Debug|x86.ActiveCfg = Debug|Win32
		{8D064BE1-029B-4CFA-83FA-AE3580DE7547}.Debug|x86.Build.0 = Debug|Win32
		{8D064BE1-029B-4CFA-83FA-AE3580DE7547}.Release|x64.ActiveCfg = Release|x64
		{8D064BE1-029B-4CFA-83FA-AE3580DE7547}.Release|x64.Build.0 = Release|x64
		{8D064BE1-029B-4CFA-83FA-AE3580DE7547}.Release|x86.ActiveCfg = Release|Win32
		{8D064BE1-029B-4CFA-83FA-AE3580DE7547}.Release|x86.Build.0 = Release|Win32
		{4F47FCDD-76B4-4C73-ACC6-7A10C6E02ACA}.Debug|x64.ActiveCfg = Debug|x64
		{4F47FCDD-76B4-4C73-ACC6-7A10C6E02ACA}.Debug|x64.Build.0 = Debug|x64
		{4F47FCDD-76B4-4C73-ACC6-7A10C6E02ACA}.Debug|x86.ActiveCfg = Debug|Win32
		{4F47FCDD-76B4-4C73-ACC6-7A10C6E02ACA}.Debug|x86.Build.0 = Debug|Win32
		{4F47FCDD-76B4-4C73-ACC6-7A10C6E02ACA}.Release|x64.ActiveCfg = Release|x64
		{4F47FCDD-76B4-4C73-ACC6-7A10C6E02ACA}.Release|x64.Build.0 = Release|x64
		{4F47FCDD-76B4-4C73-ACC6-7A10C6E02ACA}.Release|x86.ActiveCfg = Release|Win32
		{4F47FCDD-76B4-4C73-ACC6-7A10C6E02ACA}.Release|x86.Build.0 = Release|Win32
		{71BBBEAD-6B29-406D-ADF3-7098BAEC852E}.Debug|x64.ActiveCfg = Debug|x64
		{71BBBEAD-6B29-406D-ADF3-7098BAEC852E}.Debug|x64.Build.0 = Debug|x64
		{71BBBEAD-6B29-406D-ADF3-7098BAEC852E}.Debug|x86.ActiveCfg = Debug|Win32
		{71BBBEAD-6B29-406D-ADF3-7098BAEC852E}.Debug|x86.Build.0 = Debug|Win32
		{71BBBEAD-6B29-406D-ADF3-7098BAEC852E}.Release|x64.ActiveCfg = Release|x64
		{71BBBEAD-6B29-406D-ADF3-7098BAEC852E}.Release|x64.Build.0 = Release|x64
		{71BBBEAD-6B29-406D-ADF3-7098BAEC852E}.Release|x86.ActiveCfg = Release|Win32
		{71BBBEAD-6B29-406D-ADF3-7098BAEC852E}.Release|x86.Build.0 = Release|Win32
		{59A615C2-2D17-4C14-A4D9-7B040AEA2F15}.Debug|x64.ActiveCfg = Debug|x64
		{59A615C2-2D17-4C14-A4D9-7B040AEA2F15}.Debug|x64.Build.0 = Debug|x64
		{59A615C2-2D17-4C14-A4D9-7B040AEA2F15}.Debug|x86.ActiveCfg = Debug|Win32
		{59A615C2-2D17-4C14-A4D9-7B040AEA2F15}.Debug|x86.Build.0 = Debug|Win32
		{59A615C2-2D17-4C14-A4D9-7B040AEA2F15}.Release|x64.ActiveCfg = Release|x64
		{59A615C2-2D17-4C14-A4D9-7B040AEA2F15}.Release|x64.Build.0 = Release|x64
		{59A615C2-2D17-4C14-A4D9-7B040AEA2F15}.Release|x86.ActiveCfg = Release|Win32
		{59A615C2-2D17-4C14-A4D9-7B040AEA2F15}.Release|x86.Build.0 = Release|Win32
		{A6146556-B138-47A6-B0F0-565DE6C84965}.Debug|x64.ActiveCfg = Debug|x64
		{A6146556-B138-47A6-B0F0-565DE6C84965}.Debug|x64.Build.0 = Debug|x64
		{A6146556-B138-47A6-B0F0-565DE6C84965}.Debug|x86.ActiveCfg = Debug|Win32
		{A6146556-B138-47A6-B0F0-565DE6C84965}.Debug|x86.Build.0 = Debug|Win32
		{A6146556-B138-47A6-B0F0-565DE6C84965}.Release|x64.ActiveCfg = Release|x64
		{A6146556-B138-47A6-B0F0-565DE6C84965}.Release|x64.Build.0 = Release|x64
		{A6146556-B138-47A6-B0F0-565DE6C84965}.Release|x86.ActiveCfg = Release|Win32
		{A6146556-B138-47A6-B0F0-565DE6C84965}.Release|x86.Build.0 = Release|Win32
		{93D2353C-D58A-4E81-A3E4-5355BEB04A63}.Debug|x64.ActiveCfg = Debug|x64
		{93D2353C-D58A-4E81-A3E4-5355BEB04A63}.Debug|x64.Build.0 = Debug|x64
		{93D2353C-D58A-4E81-A3E4-5355BEB04A63}.Debug|x86.ActiveCfg = Debug|Win32
		{93D2353C-D58A-4E81-A3E4-5355BEB04A63}.Debug|x86.Build.0 = Debug|Win32
		{93D2353C-D58A-4E81-A3E4-5355BEB04A63}.Release|x64.ActiveCfg = Release|x64
		{93D2353C-D58A-4E81-A3E4-5355BEB04A63}.Release|x64.Build.0 = Release|x64
		{93D2353C-D58A-4E81-A3E4-5355BEB04A63}.Release|x86.ActiveCfg = Release|Win32
		{93D2353C-D58A-4E81-A3E4-5355BEB04A63}.Release|x86.Build.0 = Release|Win32
		{D0312E17-1800-4559-9540-C53118BF9939}.Debug|x64.ActiveCfg = Debug|x64
		{D0312E17-1800-4559-9540-C53118BF9939}.Debug|x64.Build.0 = Debug|x64
		{D0312E17-1800-4559-9540-C53118BF9939}.Debug|x86.ActiveCfg = Debug|Win32
		{D0312E17-1800-4559-9540-C53118BF9939}.Debug|x86.Build.0 = Debug|Win32
		{D0312E17-1800-4559-9540-C53118BF9939}.Release|x64.ActiveCfg = Release|x64
		{D0312E17-1800-4559-9540-C53118BF9939}.Release|x64.Build.0 = Release|x64
		{D0312E17-1800-4559-9540-C53118BF9939}.Release|x86.ActiveCfg = Release|Win32
		{D0312E17-1800-4559-9540-C53118BF9939}.Release|x86.Build.0 = Release|Win32
		{82F44587-07AB-429B-8CF4-71AF0BF0C61B}.Debug|x64.ActiveCfg = Debug|x64
		{82F44587-07AB-429B-8CF4-71AF0BF0C61B}.Debug|x64.Build.0 = Debug|x64
		{82F44587-07AB-429B-8CF4-71AF0BF0C61B}.Debug|x86.ActiveCfg = Debug|Win32
		{82F44587-07AB-429B-8CF4-71AF0BF0C61B}.Debug|x86.Build.0 = Debug|Win32
		{82F44587-07AB-429B-8CF4-71AF0BF0C61B}.Release|x64.ActiveCfg = Release|x64
		{82F44587-07AB-429B-8CF4-71AF0BF0C61B}.Release|x64.Build.0 = Release|x64
		{82F44587-07AB-429B-8CF4-71AF0BF0C61B}.Release|x86.ActiveCfg = Release|Win32
		{82F44587-07AB-429B-8CF4-71AF0BF0C61B}.Release|x86.Build.0 = Release|Win32
		{FB45822D-4B74-49DE-8FFC-3314BF99D03C}.Debug|x64.ActiveCfg = Debug|x64
		{FB45822D-4B74-49DE-8FFC-3314BF99D03C}.Debug|x64.Build.0 = Debug|x64
		{FB45822D-4B74-49DE-8FFC-3314BF99D03C}.Debug|x86.ActiveCfg = Debug|Win32
		{FB45822D-4B74-49DE-8FFC-3314BF99D03C}.Debug|x86.Build.0 = Debug|Win32
		{FB45822D-4B74-49DE-8FFC-3314BF99D03C}.Release|x64.ActiveCfg = Release|x64
		{FB45822D-4B74-49DE-8FFC-3314BF99D03C}.Release|x64.Build.0 = Release|x64
		{FB45822D-4B74-49DE-8FFC-3314BF99D03C}.Release|x86.ActiveCfg = Release|Win32
		{FB45822D-4B74-49DE-8FFC-3314BF99D03C}.Release|x86.Build.0 = Release|Win32
		{C8D11C5C-83DC-41FA-A9E3-EBF790D33F7C}.Debug|x64.ActiveCfg = Debug|x64
		{C8D11C5C-83DC-41FA-A9E3-EBF790D33F7C}.Debug|x64.Build.0 = Debug|x64
		{C8D11C5C-83DC-41FA-A9E3-EBF790D33F7C}.Debug|x86.ActiveCfg = Debug|Win32
		{C8D11C5C-83DC-41FA-A9E3-EBF790D33F7C}.Debug|x86.Build.0 = Debug|Win32
		{C8D11C5C-83DC-41FA-A9E3-EBF790D33F7C}.Release|x64.ActiveCfg = Release|x64
		{C8D11C5C-83DC-41FA-A9E3-EBF790D33F7C}.Release|x64.Build.0 = Release|x64
		{C8D11C5C-83DC-41FA-A9E3-EBF790D33F7C}.Release|x86.ActiveCfg = Release|Win32
		{C8D11C5C-83DC-41FA-A9E3-EBF790D33F7C}.Release|x86.Build.0 = Release|Win32
		{8F4FF397-A180-4F6E-831D-DEF75C3030DF}.Debug|x64.ActiveCfg = Debug|x64
		{8F4FF397-A180-4F6E-831D-DEF75C3030DF}.Debug|x64.Build.0 = Debug|x64
		{8F4FF397-A180-4F6E-831D-DEF75C3030DF}.Debug|x86.ActiveCfg = Debug|Win32
		{8F4FF397-A180-4F6E-831D-DEF75C3030DF}.Debug|x86.Build.0 = Debug|Win32
		{8F4FF397-A180-4F6E-831D-DEF75C3030DF}.Release|x64.ActiveCfg = Release|x64
		{8F4FF397-A180-4F6E-831D-DEF75C3030DF}.Release|x64.Build.0 = Release|x64
		{8F4FF397-A180-4F6E-831D-DEF75C3030DF}.Release|x86.ActiveCfg = Release|Win32
		{8F4FF397-A180-4F6E-831D-DEF75C3030DF}.Release|x86.Build.0 = Release|Win32
	EndGlobalSection
	GlobalSection(SolutionProperties) = preSolution
		HideSolutionNode = FALSE
	EndGlobalSection
	GlobalSection(NestedProjects) = preSolution
		{56B43BD0-0F78-4217-8100-9B2CC941E56F} = {C8D5274F-AC00-46C7-1F8D-E88E81087A52}
		{8A50114C-402A-4772-87AC-17E67171EE85} = {C8D5274F-AC00-46C7-1F8D-E88E81087A52}
		{DD1ADE35-5592-4652-8ACA-3FCE169647B6} = {C8D5274F-AC00-46C7-1F8D-E88E81087A52}
		{CDF320FA-EB8D-4A8A-BAAA-59EA54ED1CCE} = {C8D5274F-AC00-46C7-1F8D-E88E81087A52}
		{8D064BE1-029B-4CFA-83FA-AE3580DE7547} = {C8D5274F-AC00-46C7-1F8D-E88E81087A52}
		{4F47FCDD-76B4-4C73-ACC6-7A10C6E02ACA} = {C8D5274F-AC00-46C7-1F8D-E88E81087A52}
		{71BBBEAD-6B29-406D-ADF3-7098BAEC852E} = {C8D5274F-AC00-46C7-1F8D-E88E81087A52}
		{59A615C2-2D17-4C14-A4D9-7B040AEA2F15} = {DA32D9CF-F685-47E2-A3AD-934BFCBBFCE4}
		{A6146556-B138-47A6-B0F0-565DE6C84965} = {DA32D9CF-F685-47E2-A3AD-934BFCBBFCE4}
		{93D2353C-D58A-4E81-A3E4-5355BEB04A63} = {DA32D9CF-F685-47E2-A3AD-934BFCBBFCE4}
		{D0312E17-1800-4559-9540-C53118BF9939} = {DA32D9CF-F685-47E2-A3AD-934BFCBBFCE4}
		{82F44587-07AB-429B-8CF4-71AF0BF0C61B} = {DA32D9CF-F685-47E2-A3AD-934BFCBBFCE4}
		{FB45822D-4B74-49DE-8FFC-3314BF99D03C} = {59FD3032-9672-4961-92B9-8CCE182F86E2}
		{C8D11C5C-83DC-41FA-A9E3-EBF790D33F7C} = {9A962DBE-825F-4E86-B84D-0D7A76A2372D}
	EndGlobalSection
	GlobalSection(ExtensibilityGlobals) = postSolution
		SolutionGuid = {3CAAC00D-73EC-4140-9085-D1A02FF49C7F}
	EndGlobalSection
EndGlobal
